<?xml version="1.0" encoding="utf-8"?>
<Project ToolsVersion="17.0" xmlns="http://schemas.microsoft.com/developer/msbuild/2003">
  <ItemGroup>
    <ClCompile Include="D:\Celeste\Classes\AppDelegate.cpp">
      <Filter>Source Files\Classes</Filter>
    </ClCompile>
    <ClCompile Include="D:\Celeste\Classes\MainMenuScene.cpp">
      <Filter>Source Files\Classes</Filter>
    </ClCompile>
    <ClCompile Include="D:\Celeste\Classes\Player\Player.cpp">
      <Filter>Source Files\Classes\Player</Filter>
    </ClCompile>
    <ClCompile Include="D:\Celeste\Classes\Scene\Level1Scene.cpp">
      <Filter>Source Files\Classes\Scene</Filter>
    </ClCompile>
    <ClCompile Include="D:\Celeste\proj.win32\main.cpp">
      <Filter>Source Files\proj.win32</Filter>
    </ClCompile>
    <ClCompile Include="D:\Celeste\cocos2d\cocos\precheader.cpp">
      <Filter>Source Files</Filter>
    </ClCompile>
  </ItemGroup>
  <ItemGroup>
    <ClInclude Include="D:\Celeste\Classes\AppDelegate.h">
      <Filter>Source Files\Classes</Filter>
    </ClInclude>
    <ClInclude Include="D:\Celeste\Classes\MainMenuScene.h">
      <Filter>Source Files\Classes</Filter>
    </ClInclude>
    <ClInclude Include="D:\Celeste\Classes\Player\Player.h">
      <Filter>Source Files\Classes\Player</Filter>
    </ClInclude>
    <ClInclude Include="D:\Celeste\Classes\Scene\Level1Scene.h">
      <Filter>Source Files\Classes\Scene</Filter>
    </ClInclude>
    <ClInclude Include="D:\Celeste\proj.win32\main.h">
      <Filter>Source Files\proj.win32</Filter>
    </ClInclude>
    <ClInclude Include="D:\Celeste\proj.win32\resource.h">
      <Filter>Source Files\proj.win32</Filter>
    </ClInclude>
    <ClInclude Include="D:\Celeste\Resources\Dot\BlueDot.bmp">
      <Filter>Resources\Dot</Filter>
    </ClInclude>
    <ClInclude Include="D:\Celeste\Resources\Dot\DarkBlueDot.bmp">
      <Filter>Resources\Dot</Filter>
    </ClInclude>
    <ClInclude Include="D:\Celeste\Resources\Dot\DarkWhiteDot.bmp">
      <Filter>Resources\Dot</Filter>
    </ClInclude>
    <ClInclude Include="D:\Celeste\Resources\Dot\WhiteDot.bmp">
      <Filter>Resources\Dot</Filter>
    </ClInclude>
    <ClInclude Include="D:\Celeste\Resources\eff\dashdowneff_00.plist">
      <Filter>Resources\eff</Filter>
    </ClInclude>
    <ClInclude Include="D:\Celeste\Resources\eff\dashdowneff_00.png">
      <Filter>Resources\eff</Filter>
    </ClInclude>
    <ClInclude Include="D:\Celeste\Resources\eff\dashmovedowneff_00.plist">
      <Filter>Resources\eff</Filter>
    </ClInclude>
    <ClInclude Include="D:\Celeste\Resources\eff\dashmovedowneff_00.png">
      <Filter>Resources\eff</Filter>
    </ClInclude>
    <ClInclude Include="D:\Celeste\Resources\eff\dashmoveeff_00.plist">
      <Filter>Resources\eff</Filter>
    </ClInclude>
    <ClInclude Include="D:\Celeste\Resources\eff\dashmoveeff_00.png">
      <Filter>Resources\eff</Filter>
    </ClInclude>
    <ClInclude Include="D:\Celeste\Resources\eff\dashmoveupeff_00.plist">
      <Filter>Resources\eff</Filter>
    </ClInclude>
    <ClInclude Include="D:\Celeste\Resources\eff\dashmoveupeff_00.png">
      <Filter>Resources\eff</Filter>
    </ClInclude>
    <ClInclude Include="D:\Celeste\Resources\eff\dashupeff_00.plist">
      <Filter>Resources\eff</Filter>
    </ClInclude>
    <ClInclude Include="D:\Celeste\Resources\eff\dashupeff_00.png">
      <Filter>Resources\eff</Filter>
    </ClInclude>
    <ClInclude Include="D:\Celeste\Resources\eff\floorjumpash_00.plist">
      <Filter>Resources\eff</Filter>
    </ClInclude>
    <ClInclude Include="D:\Celeste\Resources\eff\floorjumpash_00.png">
      <Filter>Resources\eff</Filter>
    </ClInclude>
    <ClInclude Include="D:\Celeste\Resources\eff\floorlandingash_00.plist">
      <Filter>Resources\eff</Filter>
    </ClInclude>
    <ClInclude Include="D:\Celeste\Resources\eff\floorlandingash_00.png">
      <Filter>Resources\eff</Filter>
    </ClInclude>
    <ClInclude Include="D:\Celeste\Resources\eff\slidingwallash_00.plist">
      <Filter>Resources\eff</Filter>
    </ClInclude>
    <ClInclude Include="D:\Celeste\Resources\eff\slidingwallash_00.png">
      <Filter>Resources\eff</Filter>
    </ClInclude>
    <ClInclude Include="D:\Celeste\Resources\eff\walljumpash_00.plist">
      <Filter>Resources\eff</Filter>
    </ClInclude>
    <ClInclude Include="D:\Celeste\Resources\eff\walljumpash_00.png">
      <Filter>Resources\eff</Filter>
    </ClInclude>
    <ClInclude Include="D:\Celeste\Resources\fonts\Marker Felt.ttf">
      <Filter>Resources\fonts</Filter>
    </ClInclude>
    <ClInclude Include="D:\Celeste\Resources\fonts\arial.ttf">
      <Filter>Resources\fonts</Filter>
    </ClInclude>
    <ClInclude Include="D:\Celeste\Resources\fonts\gill-sans-mt-condensed\Gill Sans MT Bold Italic.TTF">
      <Filter>Resources\fonts\gill-sans-mt-condensed</Filter>
    </ClInclude>
    <ClInclude Include="D:\Celeste\Resources\fonts\gill-sans-mt-condensed\Gill Sans MT Bold.TTF">
      <Filter>Resources\fonts\gill-sans-mt-condensed</Filter>
    </ClInclude>
    <ClInclude Include="D:\Celeste\Resources\fonts\gill-sans-mt-condensed\Gill Sans MT Condensed Bold.ttf">
      <Filter>Resources\fonts\gill-sans-mt-condensed</Filter>
    </ClInclude>
    <ClInclude Include="D:\Celeste\Resources\fonts\gill-sans-mt-condensed\Gill Sans MT Condensed Italic.TTF">
      <Filter>Resources\fonts\gill-sans-mt-condensed</Filter>
    </ClInclude>
    <ClInclude Include="D:\Celeste\Resources\fonts\gill-sans-mt-condensed\Gill Sans MT Condensed.TTF">
      <Filter>Resources\fonts\gill-sans-mt-condensed</Filter>
    </ClInclude>
    <ClInclude Include="D:\Celeste\Resources\fonts\gill-sans-mt-condensed\Gill Sans MT Ext Condensed Bold.TTF">
      <Filter>Resources\fonts\gill-sans-mt-condensed</Filter>
    </ClInclude>
    <ClInclude Include="D:\Celeste\Resources\fonts\gill-sans-mt-condensed\Gill Sans MT Light Italic.ttf">
      <Filter>Resources\fonts\gill-sans-mt-condensed</Filter>
    </ClInclude>
    <ClInclude Include="D:\Celeste\Resources\fonts\gill-sans-mt-condensed\Gill Sans MT Light.ttf">
      <Filter>Resources\fonts\gill-sans-mt-condensed</Filter>
    </ClInclude>
    <ClInclude Include="D:\Celeste\Resources\fonts\gill-sans-mt-condensed\Gill Sans MT.TTF">
      <Filter>Resources\fonts\gill-sans-mt-condensed</Filter>
    </ClInclude>
    <ClInclude Include="D:\Celeste\Resources\level\YJ2.bmp">
      <Filter>Resources\level</Filter>
    </ClInclude>
    <ClInclude Include="D:\Celeste\Resources\level\YJ3.bmp">
      <Filter>Resources\level</Filter>
    </ClInclude>
    <ClInclude Include="D:\Celeste\Resources\level\endLevel\EndLevel.bmp">
      <Filter>Resources\level\endLevel</Filter>
    </ClInclude>
    <ClInclude Include="D:\Celeste\Resources\level\endLevel\EndLevel_B.bmp">
      <Filter>Resources\level\endLevel</Filter>
    </ClInclude>
    <ClInclude Include="D:\Celeste\Resources\level\endLevel\EndLevel_F.bmp">
      <Filter>Resources\level\endLevel</Filter>
    </ClInclude>
    <ClInclude Include="D:\Celeste\Resources\level\endLevel\EndPic.bmp">
      <Filter>Resources\level\endLevel</Filter>
    </ClInclude>
    <ClInclude Include="D:\Celeste\Resources\level\endLevel\End_BG.bmp">
      <Filter>Resources\level\endLevel</Filter>
    </ClInclude>
    <ClInclude Include="D:\Celeste\Resources\level\endLevel\text.bmp">
      <Filter>Resources\level\endLevel</Filter>
    </ClInclude>
    <ClInclude Include="D:\Celeste\Resources\level\level\L0\level0.bmp">
      <Filter>Resources\level\level\L0</Filter>
    </ClInclude>
    <ClInclude Include="D:\Celeste\Resources\level\level\L0\level0_B.bmp">
      <Filter>Resources\level\level\L0</Filter>
    </ClInclude>
    <ClInclude Include="D:\Celeste\Resources\level\level\L0\level0_F.bmp">
      <Filter>Resources\level\level\L0</Filter>
    </ClInclude>
    <ClInclude Include="D:\Celeste\Resources\level\level\L1\level1.bmp">
      <Filter>Resources\level\level\L1</Filter>
    </ClInclude>
    <ClInclude Include="D:\Celeste\Resources\level\level\L1\level1_B.bmp">
      <Filter>Resources\level\level\L1</Filter>
    </ClInclude>
    <ClInclude Include="D:\Celeste\Resources\level\level\L1\level1_F.bmp">
      <Filter>Resources\level\level\L1</Filter>
    </ClInclude>
    <ClInclude Include="D:\Celeste\Resources\level\level\L2\level2.bmp">
      <Filter>Resources\level\level\L2</Filter>
    </ClInclude>
    <ClInclude Include="D:\Celeste\Resources\level\level\L2\level2_B.bmp">
      <Filter>Resources\level\level\L2</Filter>
    </ClInclude>
    <ClInclude Include="D:\Celeste\Resources\level\level\L2\level2_F.bmp">
      <Filter>Resources\level\level\L2</Filter>
    </ClInclude>
    <ClInclude Include="D:\Celeste\Resources\level\level\L3\level3.bmp">
      <Filter>Resources\level\level\L3</Filter>
    </ClInclude>
    <ClInclude Include="D:\Celeste\Resources\level\level\L3\level3_B.bmp">
      <Filter>Resources\level\level\L3</Filter>
    </ClInclude>
    <ClInclude Include="D:\Celeste\Resources\level\level\L3\level3_F.bmp">
      <Filter>Resources\level\level\L3</Filter>
    </ClInclude>
    <ClInclude Include="D:\Celeste\Resources\level\xumu\L0\xumu0.bmp">
      <Filter>Resources\level\xumu\L0</Filter>
    </ClInclude>
    <ClInclude Include="D:\Celeste\Resources\level\xumu\L0\xumu0_B.png">
      <Filter>Resources\level\xumu\L0</Filter>
    </ClInclude>
    <ClInclude Include="D:\Celeste\Resources\level\xumu\L0\xumu0_F.png">
      <Filter>Resources\level\xumu\L0</Filter>
    </ClInclude>
    <ClInclude Include="D:\Celeste\Resources\level\xumu\L1\xumu1_LG1.bmp">
      <Filter>Resources\level\xumu\L1</Filter>
    </ClInclude>
    <ClInclude Include="D:\Celeste\Resources\level\xumu\L1\xumu1_LG3.bmp">
      <Filter>Resources\level\xumu\L1</Filter>
    </ClInclude>
    <ClInclude Include="D:\Celeste\Resources\level\xumu\L2\xumu2_LG1.bmp">
      <Filter>Resources\level\xumu\L2</Filter>
    </ClInclude>
    <ClInclude Include="D:\Celeste\Resources\level\xumu\L2\xumu2_LG3.bmp">
      <Filter>Resources\level\xumu\L2</Filter>
    </ClInclude>
    <ClInclude Include="D:\Celeste\Resources\level\xumu\xumu_BG.bmp">
      <Filter>Resources\level\xumu</Filter>
    </ClInclude>
    <ClInclude Include="D:\Celeste\Resources\level\xumu\xumu_QJ1.bmp">
      <Filter>Resources\level\xumu</Filter>
    </ClInclude>
    <ClInclude Include="D:\Celeste\Resources\mainMenu\Memo0.data.png">
      <Filter>Resources\mainMenu</Filter>
    </ClInclude>
    <ClInclude Include="D:\Celeste\Resources\mainMenu\Start_BG.png">
      <Filter>Resources\mainMenu</Filter>
    </ClInclude>
    <ClInclude Include="D:\Celeste\Resources\mainMenu\mountain_00.png">
      <Filter>Resources\mainMenu</Filter>
    </ClInclude>
    <ClInclude Include="D:\Celeste\Resources\mainMenu\quitWindow_00.png">
      <Filter>Resources\mainMenu</Filter>
    </ClInclude>
    <ClInclude Include="D:\Celeste\Resources\mainMenu\quitWindow_01.png">
      <Filter>Resources\mainMenu</Filter>
    </ClInclude>
    <ClInclude Include="D:\Celeste\Resources\mainMenu\sky_02.png">
      <Filter>Resources\mainMenu</Filter>
    </ClInclude>
    <ClInclude Include="D:\Celeste\Resources\mainMenu\title_00.png">
      <Filter>Resources\mainMenu</Filter>
    </ClInclude>
    <ClInclude Include="D:\Celeste\Resources\movement\crouch\CrouchToIdle.plist">
      <Filter>Resources\movement\crouch</Filter>
    </ClInclude>
    <ClInclude Include="D:\Celeste\Resources\movement\crouch\CrouchToIdle.png">
      <Filter>Resources\movement\crouch</Filter>
    </ClInclude>
    <ClInclude Include="D:\Celeste\Resources\movement\crouch\CrouchToMove.plist">
      <Filter>Resources\movement\crouch</Filter>
    </ClInclude>
    <ClInclude Include="D:\Celeste\Resources\movement\crouch\CrouchToMove.png">
      <Filter>Resources\movement\crouch</Filter>
    </ClInclude>
    <ClInclude Include="D:\Celeste\Resources\movement\crouch\crouch_00.plist">
      <Filter>Resources\movement\crouch</Filter>
    </ClInclude>
    <ClInclude Include="D:\Celeste\Resources\movement\crouch\crouch_00.png">
      <Filter>Resources\movement\crouch</Filter>
    </ClInclude>
    <ClInclude Include="D:\Celeste\Resources\movement\crouch\crouchturn.plist">
      <Filter>Resources\movement\crouch</Filter>
    </ClInclude>
    <ClInclude Include="D:\Celeste\Resources\movement\crouch\crouchturn.png">
      <Filter>Resources\movement\crouch</Filter>
    </ClInclude>
    <ClInclude Include="D:\Celeste\Resources\movement\dash\dashdown.plist">
      <Filter>Resources\movement\dash</Filter>
    </ClInclude>
    <ClInclude Include="D:\Celeste\Resources\movement\dash\dashdown.png">
      <Filter>Resources\movement\dash</Filter>
    </ClInclude>
    <ClInclude Include="D:\Celeste\Resources\movement\dash\dashmove.plist">
      <Filter>Resources\movement\dash</Filter>
    </ClInclude>
    <ClInclude Include="D:\Celeste\Resources\movement\dash\dashmove.png">
      <Filter>Resources\movement\dash</Filter>
    </ClInclude>
    <ClInclude Include="D:\Celeste\Resources\movement\dash\dashmoveup.plist">
      <Filter>Resources\movement\dash</Filter>
    </ClInclude>
    <ClInclude Include="D:\Celeste\Resources\movement\dash\dashmoveup.png">
      <Filter>Resources\movement\dash</Filter>
    </ClInclude>
    <ClInclude Include="D:\Celeste\Resources\movement\dash\dashup.plist">
      <Filter>Resources\movement\dash</Filter>
    </ClInclude>
    <ClInclude Include="D:\Celeste\Resources\movement\dash\dashup.png">
      <Filter>Resources\movement\dash</Filter>
    </ClInclude>
    <ClInclude Include="D:\Celeste\Resources\movement\death\Bdeath.plist">
      <Filter>Resources\movement\death</Filter>
    </ClInclude>
    <ClInclude Include="D:\Celeste\Resources\movement\death\Bdeath.png">
      <Filter>Resources\movement\death</Filter>
    </ClInclude>
    <ClInclude Include="D:\Celeste\Resources\movement\death\Respawn.plist">
      <Filter>Resources\movement\death</Filter>
    </ClInclude>
    <ClInclude Include="D:\Celeste\Resources\movement\death\Respawn.png">
      <Filter>Resources\movement\death</Filter>
    </ClInclude>
    <ClInclude Include="D:\Celeste\Resources\movement\death\death.plist">
      <Filter>Resources\movement\death</Filter>
    </ClInclude>
    <ClInclude Include="D:\Celeste\Resources\movement\death\death.png">
      <Filter>Resources\movement\death</Filter>
    </ClInclude>
    <ClInclude Include="D:\Celeste\Resources\movement\drop\Bdrop0.plist">
      <Filter>Resources\movement\drop</Filter>
    </ClInclude>
    <ClInclude Include="D:\Celeste\Resources\movement\drop\Bdrop0.png">
      <Filter>Resources\movement\drop</Filter>
    </ClInclude>
    <ClInclude Include="D:\Celeste\Resources\movement\drop\Bdrop1.plist">
      <Filter>Resources\movement\drop</Filter>
    </ClInclude>
    <ClInclude Include="D:\Celeste\Resources\movement\drop\Bdrop1.png">
      <Filter>Resources\movement\drop</Filter>
    </ClInclude>
    <ClInclude Include="D:\Celeste\Resources\movement\drop\drop0.plist">
      <Filter>Resources\movement\drop</Filter>
    </ClInclude>
    <ClInclude Include="D:\Celeste\Resources\movement\drop\drop0.png">
      <Filter>Resources\movement\drop</Filter>
    </ClInclude>
    <ClInclude Include="D:\Celeste\Resources\movement\drop\drop1.plist">
      <Filter>Resources\movement\drop</Filter>
    </ClInclude>
    <ClInclude Include="D:\Celeste\Resources\movement\drop\drop1.png">
      <Filter>Resources\movement\drop</Filter>
    </ClInclude>
    <ClInclude Include="D:\Celeste\Resources\movement\holdwall\Bholdwall.plist">
      <Filter>Resources\movement\holdwall</Filter>
    </ClInclude>
    <ClInclude Include="D:\Celeste\Resources\movement\holdwall\Bholdwall.png">
      <Filter>Resources\movement\holdwall</Filter>
    </ClInclude>
    <ClInclude Include="D:\Celeste\Resources\movement\holdwall\Bholdwalldown.plist">
      <Filter>Resources\movement\holdwall</Filter>
    </ClInclude>
    <ClInclude Include="D:\Celeste\Resources\movement\holdwall\Bholdwalldown.png">
      <Filter>Resources\movement\holdwall</Filter>
    </ClInclude>
    <ClInclude Include="D:\Celeste\Resources\movement\holdwall\Bholdwallturnface.plist">
      <Filter>Resources\movement\holdwall</Filter>
    </ClInclude>
    <ClInclude Include="D:\Celeste\Resources\movement\holdwall\Bholdwallturnface.png">
      <Filter>Resources\movement\holdwall</Filter>
    </ClInclude>
    <ClInclude Include="D:\Celeste\Resources\movement\holdwall\Bholdwallup.plist">
      <Filter>Resources\movement\holdwall</Filter>
    </ClInclude>
    <ClInclude Include="D:\Celeste\Resources\movement\holdwall\Bholdwallup.png">
      <Filter>Resources\movement\holdwall</Filter>
    </ClInclude>
    <ClInclude Include="D:\Celeste\Resources\movement\holdwall\holdwall.plist">
      <Filter>Resources\movement\holdwall</Filter>
    </ClInclude>
    <ClInclude Include="D:\Celeste\Resources\movement\holdwall\holdwall.png">
      <Filter>Resources\movement\holdwall</Filter>
    </ClInclude>
    <ClInclude Include="D:\Celeste\Resources\movement\holdwall\holdwalldown.plist">
      <Filter>Resources\movement\holdwall</Filter>
    </ClInclude>
    <ClInclude Include="D:\Celeste\Resources\movement\holdwall\holdwalldown.png">
      <Filter>Resources\movement\holdwall</Filter>
    </ClInclude>
    <ClInclude Include="D:\Celeste\Resources\movement\holdwall\holdwallturnface.plist">
      <Filter>Resources\movement\holdwall</Filter>
    </ClInclude>
    <ClInclude Include="D:\Celeste\Resources\movement\holdwall\holdwallturnface.png">
      <Filter>Resources\movement\holdwall</Filter>
    </ClInclude>
    <ClInclude Include="D:\Celeste\Resources\movement\holdwall\holdwallup.plist">
      <Filter>Resources\movement\holdwall</Filter>
    </ClInclude>
    <ClInclude Include="D:\Celeste\Resources\movement\holdwall\holdwallup.png">
      <Filter>Resources\movement\holdwall</Filter>
    </ClInclude>
    <ClInclude Include="D:\Celeste\Resources\movement\idle\Idle1.plist">
      <Filter>Resources\movement\idle</Filter>
    </ClInclude>
    <ClInclude Include="D:\Celeste\Resources\movement\idle\Idle1.png">
      <Filter>Resources\movement\idle</Filter>
    </ClInclude>
    <ClInclude Include="D:\Celeste\Resources\movement\idle\idle_0.plist">
      <Filter>Resources\movement\idle</Filter>
    </ClInclude>
    <ClInclude Include="D:\Celeste\Resources\movement\idle\idle_0.png">
      <Filter>Resources\movement\idle</Filter>
    </ClInclude>
    <ClInclude Include="D:\Celeste\Resources\movement\jump\Bjumpmove.plist">
      <Filter>Resources\movement\jump</Filter>
    </ClInclude>
    <ClInclude Include="D:\Celeste\Resources\movement\jump\Bjumpmove.png">
      <Filter>Resources\movement\jump</Filter>
    </ClInclude>
    <ClInclude Include="D:\Celeste\Resources\movement\jump\Bjumpup.plist">
      <Filter>Resources\movement\jump</Filter>
    </ClInclude>
    <ClInclude Include="D:\Celeste\Resources\movement\jump\Bjumpup.png">
      <Filter>Resources\movement\jump</Filter>
    </ClInclude>
    <ClInclude Include="D:\Celeste\Resources\movement\jump\jumpmove.plist">
      <Filter>Resources\movement\jump</Filter>
    </ClInclude>
    <ClInclude Include="D:\Celeste\Resources\movement\jump\jumpmove.png">
      <Filter>Resources\movement\jump</Filter>
    </ClInclude>
    <ClInclude Include="D:\Celeste\Resources\movement\jump\jumpup.plist">
      <Filter>Resources\movement\jump</Filter>
    </ClInclude>
    <ClInclude Include="D:\Celeste\Resources\movement\jump\jumpup.png">
      <Filter>Resources\movement\jump</Filter>
    </ClInclude>
    <ClInclude Include="D:\Celeste\Resources\movement\jumptable\jumpTable.plist">
      <Filter>Resources\movement\jumptable</Filter>
    </ClInclude>
    <ClInclude Include="D:\Celeste\Resources\movement\jumptable\jumpTable.png">
      <Filter>Resources\movement\jumptable</Filter>
    </ClInclude>
    <ClInclude Include="D:\Celeste\Resources\movement\landing\landing0.plist">
      <Filter>Resources\movement\landing</Filter>
    </ClInclude>
    <ClInclude Include="D:\Celeste\Resources\movement\landing\landing0.png">
      <Filter>Resources\movement\landing</Filter>
    </ClInclude>
    <ClInclude Include="D:\Celeste\Resources\movement\landing\landing1.plist">
      <Filter>Resources\movement\landing</Filter>
    </ClInclude>
    <ClInclude Include="D:\Celeste\Resources\movement\landing\landing1.png">
      <Filter>Resources\movement\landing</Filter>
    </ClInclude>
    <ClInclude Include="D:\Celeste\Resources\movement\landing\landing2.plist">
      <Filter>Resources\movement\landing</Filter>
    </ClInclude>
    <ClInclude Include="D:\Celeste\Resources\movement\landing\landing2.png">
      <Filter>Resources\movement\landing</Filter>
    </ClInclude>
    <ClInclude Include="D:\Celeste\Resources\movement\landing\landing3.plist">
      <Filter>Resources\movement\landing</Filter>
    </ClInclude>
    <ClInclude Include="D:\Celeste\Resources\movement\landing\landing3.png">
      <Filter>Resources\movement\landing</Filter>
    </ClInclude>
    <ClInclude Include="D:\Celeste\Resources\movement\lookup\LookUp.plist">
      <Filter>Resources\movement\lookup</Filter>
    </ClInclude>
    <ClInclude Include="D:\Celeste\Resources\movement\lookup\LookUp.png">
      <Filter>Resources\movement\lookup</Filter>
    </ClInclude>
    <ClInclude Include="D:\Celeste\Resources\movement\move\Move.plist">
      <Filter>Resources\movement\move</Filter>
    </ClInclude>
    <ClInclude Include="D:\Celeste\Resources\movement\move\Move.png">
      <Filter>Resources\movement\move</Filter>
    </ClInclude>
    <ClInclude Include="D:\Celeste\Resources\movement\move\MoveToCrouch.plist">
      <Filter>Resources\movement\move</Filter>
    </ClInclude>
    <ClInclude Include="D:\Celeste\Resources\movement\move\MoveToCrouch.png">
      <Filter>Resources\movement\move</Filter>
    </ClInclude>
    <ClInclude Include="D:\Celeste\Resources\movement\move\MoveTurn.plist">
      <Filter>Resources\movement\move</Filter>
    </ClInclude>
    <ClInclude Include="D:\Celeste\Resources\movement\move\MoveTurn.png">
      <Filter>Resources\movement\move</Filter>
    </ClInclude>
    <ClInclude Include="D:\Celeste\Resources\movement\pushwall\pushwall.plist">
      <Filter>Resources\movement\pushwall</Filter>
    </ClInclude>
    <ClInclude Include="D:\Celeste\Resources\movement\pushwall\pushwall.png">
      <Filter>Resources\movement\pushwall</Filter>
    </ClInclude>
    <ClInclude Include="D:\Celeste\Resources\movement\shadow\shadow.plist">
      <Filter>Resources\movement\shadow</Filter>
    </ClInclude>
    <ClInclude Include="D:\Celeste\Resources\movement\shadow\shadow.png">
      <Filter>Resources\movement\shadow</Filter>
    </ClInclude>
    <ClInclude Include="D:\Celeste\Resources\movement\slidingwall\Bslidingwall.plist">
      <Filter>Resources\movement\slidingwall</Filter>
    </ClInclude>
    <ClInclude Include="D:\Celeste\Resources\movement\slidingwall\Bslidingwall.png">
      <Filter>Resources\movement\slidingwall</Filter>
    </ClInclude>
    <ClInclude Include="D:\Celeste\Resources\movement\slidingwall\slidingwall.plist">
      <Filter>Resources\movement\slidingwall</Filter>
    </ClInclude>
    <ClInclude Include="D:\Celeste\Resources\movement\slidingwall\slidingwall.png">
      <Filter>Resources\movement\slidingwall</Filter>
    </ClInclude>
    <ClInclude Include="D:\Celeste\Resources\movement\slidingwall\slidingwalllanding.plist">
      <Filter>Resources\movement\slidingwall</Filter>
    </ClInclude>
    <ClInclude Include="D:\Celeste\Resources\movement\slidingwall\slidingwalllanding.png">
      <Filter>Resources\movement\slidingwall</Filter>
    </ClInclude>
    <ClInclude Include="D:\Celeste\Resources\movement\top\BTop0.plist">
      <Filter>Resources\movement\top</Filter>
    </ClInclude>
    <ClInclude Include="D:\Celeste\Resources\movement\top\BTop0.png">
      <Filter>Resources\movement\top</Filter>
    </ClInclude>
    <ClInclude Include="D:\Celeste\Resources\movement\top\BTop1.plist">
      <Filter>Resources\movement\top</Filter>
    </ClInclude>
    <ClInclude Include="D:\Celeste\Resources\movement\top\BTop1.png">
      <Filter>Resources\movement\top</Filter>
    </ClInclude>
    <ClInclude Include="D:\Celeste\Resources\movement\top\Top0.plist">
      <Filter>Resources\movement\top</Filter>
    </ClInclude>
    <ClInclude Include="D:\Celeste\Resources\movement\top\Top0.png">
      <Filter>Resources\movement\top</Filter>
    </ClInclude>
    <ClInclude Include="D:\Celeste\Resources\movement\top\Top1.plist">
      <Filter>Resources\movement\top</Filter>
    </ClInclude>
    <ClInclude Include="D:\Celeste\Resources\movement\top\Top1.png">
      <Filter>Resources\movement\top</Filter>
    </ClInclude>
    <ClInclude Include="D:\Celeste\Resources\movement\up\Bup0.plist">
      <Filter>Resources\movement\up</Filter>
    </ClInclude>
    <ClInclude Include="D:\Celeste\Resources\movement\up\Bup0.png">
      <Filter>Resources\movement\up</Filter>
    </ClInclude>
    <ClInclude Include="D:\Celeste\Resources\movement\up\Bup1.plist">
      <Filter>Resources\movement\up</Filter>
    </ClInclude>
    <ClInclude Include="D:\Celeste\Resources\movement\up\Bup1.png">
      <Filter>Resources\movement\up</Filter>
    </ClInclude>
    <ClInclude Include="D:\Celeste\Resources\movement\up\up0.plist">
      <Filter>Resources\movement\up</Filter>
    </ClInclude>
    <ClInclude Include="D:\Celeste\Resources\movement\up\up0.png">
      <Filter>Resources\movement\up</Filter>
    </ClInclude>
    <ClInclude Include="D:\Celeste\Resources\movement\up\up1.plist">
      <Filter>Resources\movement\up</Filter>
    </ClInclude>
    <ClInclude Include="D:\Celeste\Resources\movement\up\up1.png">
      <Filter>Resources\movement\up</Filter>
    </ClInclude>
    <ClInclude Include="D:\Celeste\Resources\music\NotSafe.wav">
      <Filter>Resources\music</Filter>
    </ClInclude>
    <ClInclude Include="D:\Celeste\Resources\music\dash.wav">
      <Filter>Resources\music</Filter>
    </ClInclude>
    <ClInclude Include="D:\Celeste\Resources\music\death.wav">
      <Filter>Resources\music</Filter>
    </ClInclude>
    <ClInclude Include="D:\Celeste\Resources\music\game_01_fallingblock_ice_impact_03.wav">
      <Filter>Resources\music</Filter>
    </ClInclude>
    <ClInclude Include="D:\Celeste\Resources\music\game_01_fallingblock_ice_shake_01.wav">
      <Filter>Resources\music</Filter>
    </ClInclude>
    <ClInclude Include="D:\Celeste\Resources\music\game_gen_spring.wav">
      <Filter>Resources\music</Filter>
    </ClInclude>
    <ClInclude Include="D:\Celeste\Resources\music\gameplayBGM.mp3">
      <Filter>Resources\music</Filter>
    </ClInclude>
    <ClInclude Include="D:\Celeste\Resources\music\jump.wav">
      <Filter>Resources\music</Filter>
    </ClInclude>
    <ClInclude Include="D:\Celeste\Resources\music\landing.wav">
      <Filter>Resources\music</Filter>
    </ClInclude>
    <ClInclude Include="D:\Celeste\Resources\music\mus_lvl0_intro_loop.wav">
      <Filter>Resources\music</Filter>
    </ClInclude>
    <ClInclude Include="D:\Celeste\Resources\music\mus_menu_levelselect_moon_loop.wav">
      <Filter>Resources\music</Filter>
    </ClInclude>
    <ClInclude Include="D:\Celeste\Resources\music\revive.wav">
      <Filter>Resources\music</Filter>
    </ClInclude>
    <ClInclude Include="D:\Celeste\Resources\music\savesucceed.wav">
      <Filter>Resources\music</Filter>
    </ClInclude>
    <ClInclude Include="D:\Celeste\Resources\music\ui_game_hotspot_note_in.wav">
      <Filter>Resources\music</Filter>
    </ClInclude>
    <ClInclude Include="D:\Celeste\Resources\music\ui_game_hotspot_note_out.wav">
      <Filter>Resources\music</Filter>
    </ClInclude>
    <ClInclude Include="D:\Celeste\Resources\music\ui_main_button_back.wav">
      <Filter>Resources\music</Filter>
    </ClInclude>
    <ClInclude Include="D:\Celeste\Resources\music\ui_main_button_climb.wav">
      <Filter>Resources\music</Filter>
    </ClInclude>
    <ClInclude Include="D:\Celeste\Resources\music\ui_main_roll_down.wav">
      <Filter>Resources\music</Filter>
    </ClInclude>
    <ClInclude Include="D:\Celeste\Resources\music\ui_main_roll_up.wav">
      <Filter>Resources\music</Filter>
    </ClInclude>
    <ClInclude Include="D:\Celeste\Resources\music\ui_main_title_firstinput.wav">
      <Filter>Resources\music</Filter>
    </ClInclude>
    <ClInclude Include="D:\Celeste\Resources\music\walk.wav">
      <Filter>Resources\music</Filter>
    </ClInclude>
    <ClInclude Include="D:\Celeste\Resources\music\wow_so_secret.wav">
      <Filter>Resources\music</Filter>
    </ClInclude>
    <ClInclude Include="D:\Celeste\Resources\pauseMenu\Pause_BG.bmp">
      <Filter>Resources\pauseMenu</Filter>
    </ClInclude>
    <ClInclude Include="D:\Celeste\Resources\pauseMenu\Pause_BG_01.bmp">
      <Filter>Resources\pauseMenu</Filter>
    </ClInclude>
    <ClInclude Include="D:\Celeste\Resources\pauseMenu\Pause_BG_02.bmp">
      <Filter>Resources\pauseMenu</Filter>
    </ClInclude>
    <ClInclude Include="D:\Celeste\Resources\pauseMenu\Pause_BG_03.bmp">
      <Filter>Resources\pauseMenu</Filter>
    </ClInclude>
    <ClInclude Include="D:\Celeste\Resources\pauseMenu\Pause_BG_04.bmp">
      <Filter>Resources\pauseMenu</Filter>
    </ClInclude>
    <ClInclude Include="D:\Celeste\Resources\pauseMenu\savenotfoundWindow.bmp">
      <Filter>Resources\pauseMenu</Filter>
    </ClInclude>
    <ClInclude Include="D:\Celeste\Resources\pauseMenu\savenotfoundWindow_01.bmp">
      <Filter>Resources\pauseMenu</Filter>
    </ClInclude>
    <ClInclude Include="D:\Celeste\Resources\pauseMenu\savesuccessWindow.bmp">
      <Filter>Resources\pauseMenu</Filter>
    </ClInclude>
    <ClInclude Include="D:\Celeste\Resources\pauseMenu\savesuccessWindow_01.bmp">
      <Filter>Resources\pauseMenu</Filter>
    </ClInclude>
    <ClInclude Include="D:\Celeste\Resources\res\.gitkeep">
      <Filter>Resources\res</Filter>
    </ClInclude>
    <ClInclude Include="D:\Celeste\Resources\trap\SnowBlock.bmp">
      <Filter>Resources\trap</Filter>
    </ClInclude>
    <ClInclude Include="D:\Celeste\Resources\trap\notsafe_00.bmp">
      <Filter>Resources\trap</Filter>
    </ClInclude>
    <ClInclude Include="D:\Celeste\Resources\trap\notsafe_01.bmp">
      <Filter>Resources\trap</Filter>
    </ClInclude>
  </ItemGroup>
  <ItemGroup>
    <CustomBuild Include="D:\Celeste\CMakeLists.txt" />
  </ItemGroup>
  <ItemGroup>
    <ResourceCompile Include="D:\Celeste\proj.win32\game.rc">
      <Filter>Source Files\proj.win32</Filter>
    </ResourceCompile>
  </ItemGroup>
  <ItemGroup>
    <Filter Include="Resources">
      <UniqueIdentifier>{E4C77507-4E91-3DC6-AAB3-316BABD0D1F0}</UniqueIdentifier>
    </Filter>
    <Filter Include="Resources\Dot">
      <UniqueIdentifier>{F7F427EB-81B8-39E0-958B-6FD756CA9EB5}</UniqueIdentifier>
    </Filter>
    <Filter Include="Resources\eff">
      <UniqueIdentifier>{8A51F9A1-F0BD-3020-A407-8488307FD8DD}</UniqueIdentifier>
    </Filter>
    <Filter Include="Resources\fonts">
      <UniqueIdentifier>{1E20489B-CB26-3B22-958E-CD3CCE83BB49}</UniqueIdentifier>
    </Filter>
    <Filter Include="Resources\fonts\gill-sans-mt-condensed">
      <UniqueIdentifier>{D785FC86-1598-3547-922D-8C3764B7D186}</UniqueIdentifier>
    </Filter>
    <Filter Include="Resources\level">
      <UniqueIdentifier>{F6034A64-EE75-3DFB-960B-DC3FA2597A1F}</UniqueIdentifier>
    </Filter>
    <Filter Include="Resources\level\endLevel">
      <UniqueIdentifier>{12B64D6D-F179-3E53-A80A-4A38607BD3F8}</UniqueIdentifier>
    </Filter>
    <Filter Include="Resources\level\level">
      <UniqueIdentifier>{619E324B-E8B1-3E77-8419-F68F575325D1}</UniqueIdentifier>
    </Filter>
    <Filter Include="Resources\level\level\L0">
      <UniqueIdentifier>{4D49F3D6-6AA4-399C-9A72-62F9814AE991}</UniqueIdentifier>
    </Filter>
    <Filter Include="Resources\level\level\L1">
      <UniqueIdentifier>{F1DB7E87-D581-3926-9BB3-855743B5B4C6}</UniqueIdentifier>
    </Filter>
    <Filter Include="Resources\level\level\L2">
      <UniqueIdentifier>{1342EC09-8FC3-31CC-813B-F08B0632E06C}</UniqueIdentifier>
    </Filter>
    <Filter Include="Resources\level\level\L3">
      <UniqueIdentifier>{0A907909-D271-31C9-B3E7-EB152CFF4485}</UniqueIdentifier>
    </Filter>
    <Filter Include="Resources\level\xumu">
      <UniqueIdentifier>{FB058754-E5A8-3C59-B2FD-9934FE8B75A4}</UniqueIdentifier>
    </Filter>
    <Filter Include="Resources\level\xumu\L0">
      <UniqueIdentifier>{0D0554CE-8505-33BC-9013-35602412D66C}</UniqueIdentifier>
    </Filter>
    <Filter Include="Resources\level\xumu\L1">
      <UniqueIdentifier>{99767856-4776-33C5-A11C-A86354825803}</UniqueIdentifier>
    </Filter>
    <Filter Include="Resources\level\xumu\L2">
      <UniqueIdentifier>{33EE3D84-48DD-3F5D-8938-70C087CAECBA}</UniqueIdentifier>
    </Filter>
    <Filter Include="Resources\mainMenu">
      <UniqueIdentifier>{26A9031C-A630-317E-92C3-D8DB71AA67AD}</UniqueIdentifier>
    </Filter>
    <Filter Include="Resources\movement">
      <UniqueIdentifier>{E05A5A51-B6F8-3910-940A-1EA86FF487CA}</UniqueIdentifier>
    </Filter>
    <Filter Include="Resources\movement\crouch">
      <UniqueIdentifier>{56E2CD6A-00E6-3DDC-A53B-99382BFE9F34}</UniqueIdentifier>
    </Filter>
    <Filter Include="Resources\movement\dash">
      <UniqueIdentifier>{F36948AF-A46E-3D89-961F-6F250FB443E1}</UniqueIdentifier>
    </Filter>
    <Filter Include="Resources\movement\death">
      <UniqueIdentifier>{8F0E7AEF-4A36-38DA-B705-527B67BAE491}</UniqueIdentifier>
    </Filter>
    <Filter Include="Resources\movement\drop">
      <UniqueIdentifier>{47CD62AA-AFD1-3133-8CD7-87118277F594}</UniqueIdentifier>
    </Filter>
    <Filter Include="Resources\movement\holdwall">
      <UniqueIdentifier>{44B66F79-11F3-3D9C-8BD3-8D85253304D4}</UniqueIdentifier>
    </Filter>
    <Filter Include="Resources\movement\idle">
      <UniqueIdentifier>{127C8AF1-A3D5-3EAB-873B-55DBBA022AD5}</UniqueIdentifier>
    </Filter>
    <Filter Include="Resources\movement\jump">
      <UniqueIdentifier>{1121386D-3C93-3ACE-9C75-328C83FABA80}</UniqueIdentifier>
    </Filter>
    <Filter Include="Resources\movement\jumptable">
      <UniqueIdentifier>{35A6BFBF-7D80-3241-9F43-6A965351F505}</UniqueIdentifier>
    </Filter>
    <Filter Include="Resources\movement\landing">
      <UniqueIdentifier>{A06917E6-98BC-3FE8-BF75-24327F51A234}</UniqueIdentifier>
    </Filter>
    <Filter Include="Resources\movement\lookup">
      <UniqueIdentifier>{622EC9F6-1B9B-375D-A5F9-2D94CD033EA5}</UniqueIdentifier>
    </Filter>
    <Filter Include="Resources\movement\move">
      <UniqueIdentifier>{79DA19A5-DE70-3A0D-B294-A3C3877B3EFE}</UniqueIdentifier>
    </Filter>
    <Filter Include="Resources\movement\pushwall">
      <UniqueIdentifier>{B6C546F1-9402-3F95-831C-5B3A2420C37B}</UniqueIdentifier>
    </Filter>
    <Filter Include="Resources\movement\shadow">
      <UniqueIdentifier>{62F65862-7C8B-313E-900A-24A33C8A50A2}</UniqueIdentifier>
    </Filter>
    <Filter Include="Resources\movement\slidingwall">
      <UniqueIdentifier>{6E9E0293-17FB-3DA9-8872-0C3F52852470}</UniqueIdentifier>
    </Filter>
    <Filter Include="Resources\movement\top">
      <UniqueIdentifier>{6A589BB3-8510-3C44-BA18-8C8B69EE9EE5}</UniqueIdentifier>
    </Filter>
    <Filter Include="Resources\movement\up">
      <UniqueIdentifier>{2EC2812C-673A-315C-9535-E6AFDA6927B7}</UniqueIdentifier>
    </Filter>
    <Filter Include="Resources\music">
      <UniqueIdentifier>{0F018B74-B46A-33FD-8D7E-3C0FE43BC9D1}</UniqueIdentifier>
    </Filter>
    <Filter Include="Resources\pauseMenu">
      <UniqueIdentifier>{E1C423EA-253A-394A-ACF7-38D46D622C48}</UniqueIdentifier>
    </Filter>
    <Filter Include="Resources\res">
      <UniqueIdentifier>{A9A6D77A-4C86-38BE-80E4-ECF30078BB23}</UniqueIdentifier>
    </Filter>
    <Filter Include="Resources\trap">
      <UniqueIdentifier>{6C492769-954C-34AF-8D2F-E4B66BC42651}</UniqueIdentifier>
    </Filter>
    <Filter Include="Source Files">
      <UniqueIdentifier>{26290D3B-E08A-3DC0-86B0-43350BA973FE}</UniqueIdentifier>
    </Filter>
    <Filter Include="Source Files\Classes">
      <UniqueIdentifier>{DDD4C717-F05C-3628-931B-E0EAAFCBE2B9}</UniqueIdentifier>
    </Filter>
    <Filter Include="Source Files\Classes\Player">
      <UniqueIdentifier>{0906A3A3-D8E4-3C98-9DC0-C6FE99B2F410}</UniqueIdentifier>
    </Filter>
    <Filter Include="Source Files\Classes\Scene">
      <UniqueIdentifier>{C4633672-E704-3FE7-A544-ED2BFE0E2532}</UniqueIdentifier>
    </Filter>
    <Filter Include="Source Files\proj.win32">
      <UniqueIdentifier>{7A910B40-8330-3D10-9A2B-7A8153F8FD14}</UniqueIdentifier>
    </Filter>
  </ItemGroup>
</Project>
